
Microsoft Visual Studio Solution File, Format Version 12.00
# Visual Studio Version 17
VisualStudioVersion = 17.12.35514.174
MinimumVisualStudioVersion = 10.0.40219.1
Project("{2150E333-8FDC-42A3-9474-1A3956D46DE8}") = "Clean", "Clean", "{5AEF3FB1-8B5D-4208-8287-BB19A857DF1C}"
EndProject
Project("{2150E333-8FDC-42A3-9474-1A3956D46DE8}") = "src", "src", "{AE323E0A-8159-47E0-9534-37D8D091B054}"
EndProject
Project("{FAE04EC0-301F-11D3-BF4B-00C04F79EFBC}") = "RashaPrimeWeb.Application", "RashaPrimeWeb.Application\RashaPrimeWeb.Application.csproj", "{0A1A0278-1D50-4AC7-BEC2-31BEE0AD9BF9}"
EndProject
Project("{FAE04EC0-301F-11D3-BF4B-00C04F79EFBC}") = "RashaPrimeWeb.Domain", "RashaPrimeWeb.Domain\RashaPrimeWeb.Domain.csproj", "{ED8FCF7D-5A38-4CA2-A2C6-87124C7EE3A8}"
EndProject
Project("{FAE04EC0-301F-11D3-BF4B-00C04F79EFBC}") = "RashaPrimeWeb.Infrastructure", "RashaPrimeWeb.Infrastructure\RashaPrimeWeb.Infrastructure.csproj", "{74E61A11-3987-4F37-8714-23028FB3E1D1}"
EndProject
Project("{FAE04EC0-301F-11D3-BF4B-00C04F79EFBC}") = "RashaPrimeWeb.Presentation", "RashaPrimeWeb.Presentation\RashaPrimeWeb.Presentation.csproj", "{C1D003A5-8107-48D2-9325-7BC1979B62EA}"
EndProject
Global
	GlobalSection(SolutionConfigurationPlatforms) = preSolution
		Debug|Any CPU = Debug|Any CPU
		Release|Any CPU = Release|Any CPU
	EndGlobalSection
	GlobalSection(ProjectConfigurationPlatforms) = postSolution
		{0A1A0278-1D50-4AC7-BEC2-31BEE0AD9BF9}.Debug|Any CPU.ActiveCfg = Debug|Any CPU
		{0A1A0278-1D50-4AC7-BEC2-31BEE0AD9BF9}.Debug|Any CPU.Build.0 = Debug|Any CPU
		{0A1A0278-1D50-4AC7-BEC2-31BEE0AD9BF9}.Release|Any CPU.ActiveCfg = Release|Any CPU
		{0A1A0278-1D50-4AC7-BEC2-31BEE0AD9BF9}.Release|Any CPU.Build.0 = Release|Any CPU
		{ED8FCF7D-5A38-4CA2-A2C6-87124C7EE3A8}.Debug|Any CPU.ActiveCfg = Debug|Any CPU
		{ED8FCF7D-5A38-4CA2-A2C6-87124C7EE3A8}.Debug|Any CPU.Build.0 = Debug|Any CPU
		{ED8FCF7D-5A38-4CA2-A2C6-87124C7EE3A8}.Release|Any CPU.ActiveCfg = Release|Any CPU
		{ED8FCF7D-5A38-4CA2-A2C6-87124C7EE3A8}.Release|Any CPU.Build.0 = Release|Any CPU
		{74E61A11-3987-4F37-8714-23028FB3E1D1}.Debug|Any CPU.ActiveCfg = Debug|Any CPU
		{74E61A11-3987-4F37-8714-23028FB3E1D1}.Debug|Any CPU.Build.0 = Debug|Any CPU
		{74E61A11-3987-4F37-8714-23028FB3E1D1}.Release|Any CPU.ActiveCfg = Release|Any CPU
		{74E61A11-3987-4F37-8714-23028FB3E1D1}.Release|Any CPU.Build.0 = Release|Any CPU
		{C1D003A5-8107-48D2-9325-7BC1979B62EA}.Debug|Any CPU.ActiveCfg = Debug|Any CPU
		{C1D003A5-8107-48D2-9325-7BC1979B62EA}.Debug|Any CPU.Build.0 = Debug|Any CPU
		{C1D003A5-8107-48D2-9325-7BC1979B62EA}.Release|Any CPU.ActiveCfg = Release|Any CPU
		{C1D003A5-8107-48D2-9325-7BC1979B62EA}.Release|Any CPU.Build.0 = Release|Any CPU
	EndGlobalSection
	GlobalSection(SolutionProperties) = preSolution
		HideSolutionNode = FALSE
	EndGlobalSection
	GlobalSection(NestedProjects) = preSolution
		{AE323E0A-8159-47E0-9534-37D8D091B054} = {5AEF3FB1-8B5D-4208-8287-BB19A857DF1C}
		{0A1A0278-1D50-4AC7-BEC2-31BEE0AD9BF9} = {AE323E0A-8159-47E0-9534-37D8D091B054}
		{ED8FCF7D-5A38-4CA2-A2C6-87124C7EE3A8} = {AE323E0A-8159-47E0-9534-37D8D091B054}
		{74E61A11-3987-4F37-8714-23028FB3E1D1} = {AE323E0A-8159-47E0-9534-37D8D091B054}
		{C1D003A5-8107-48D2-9325-7BC1979B62EA} = {AE323E0A-8159-47E0-9534-37D8D091B054}
	EndGlobalSection
EndGlobal
